
Microsoft Visual Studio Solution File, Format Version 12.00
# Visual Studio Version 17
VisualStudioVersion = 17.10.34928.147
MinimumVisualStudioVersion = 10.0.40219.1
Project("{9A19103F-16F7-4668-BE54-9A1E7A4F7556}") = "StoreApp", "StoreApp\StoreApp.csproj", "{7A425CEC-6925-4787-A2EB-3F26DA50E2B0}"
EndProject
Project("{9A19103F-16F7-4668-BE54-9A1E7A4F7556}") = "Entities", "Entities\Entities.csproj", "{9A1F630A-6647-4B7B-AB9F-635389125F07}"
EndProject
Project("{9A19103F-16F7-4668-BE54-9A1E7A4F7556}") = "Repositories", "Repositories\Repositories.csproj", "{C62D11D2-1A66-49FB-ADFA-611008A7AB74}"
EndProject
Project("{9A19103F-16F7-4668-BE54-9A1E7A4F7556}") = "Services", "Services\Services.csproj", "{2392E344-A84B-4A4C-B478-CCC9092A2D3B}"
EndProject
Project("{FAE04EC0-301F-11D3-BF4B-00C04F79EFBC}") = "Presentation", "Presentation\Presentation.csproj", "{98244CC3-FBBE-4690-9B0D-2E0A299E0D8E}"
EndProject
Global
	GlobalSection(SolutionConfigurationPlatforms) = preSolution
		Debug|Any CPU = Debug|Any CPU
		Release|Any CPU = Release|Any CPU
	EndGlobalSection
	GlobalSection(ProjectConfigurationPlatforms) = postSolution
		{7A425CEC-6925-4787-A2EB-3F26DA50E2B0}.Debug|Any CPU.ActiveCfg = Debug|Any CPU
		{7A425CEC-6925-4787-A2EB-3F26DA50E2B0}.Debug|Any CPU.Build.0 = Debug|Any CPU
		{7A425CEC-6925-4787-A2EB-3F26DA50E2B0}.Release|Any CPU.ActiveCfg = Release|Any CPU
		{7A425CEC-6925-4787-A2EB-3F26DA50E2B0}.Release|Any CPU.Build.0 = Release|Any CPU
		{9A1F630A-6647-4B7B-AB9F-635389125F07}.Debug|Any CPU.ActiveCfg = Debug|Any CPU
		{9A1F630A-6647-4B7B-AB9F-635389125F07}.Debug|Any CPU.Build.0 = Debug|Any CPU
		{9A1F630A-6647-4B7B-AB9F-635389125F07}.Release|Any CPU.ActiveCfg = Release|Any CPU
		{9A1F630A-6647-4B7B-AB9F-635389125F07}.Release|Any CPU.Build.0 = Release|Any CPU
		{C62D11D2-1A66-49FB-ADFA-611008A7AB74}.Debug|Any CPU.ActiveCfg = Debug|Any CPU
		{C62D11D2-1A66-49FB-ADFA-611008A7AB74}.Debug|Any CPU.Build.0 = Debug|Any CPU
		{C62D11D2-1A66-49FB-ADFA-611008A7AB74}.Release|Any CPU.ActiveCfg = Release|Any CPU
		{C62D11D2-1A66-49FB-ADFA-611008A7AB74}.Release|Any CPU.Build.0 = Release|Any CPU
		{2392E344-A84B-4A4C-B478-CCC9092A2D3B}.Debug|Any CPU.ActiveCfg = Debug|Any CPU
		{2392E344-A84B-4A4C-B478-CCC9092A2D3B}.Debug|Any CPU.Build.0 = Debug|Any CPU
		{2392E344-A84B-4A4C-B478-CCC9092A2D3B}.Release|Any CPU.ActiveCfg = Release|Any CPU
		{2392E344-A84B-4A4C-B478-CCC9092A2D3B}.Release|Any CPU.Build.0 = Release|Any CPU
		{98244CC3-FBBE-4690-9B0D-2E0A299E0D8E}.Debug|Any CPU.ActiveCfg = Debug|Any CPU
		{98244CC3-FBBE-4690-9B0D-2E0A299E0D8E}.Debug|Any CPU.Build.0 = Debug|Any CPU
		{98244CC3-FBBE-4690-9B0D-2E0A299E0D8E}.Release|Any CPU.ActiveCfg = Release|Any CPU
		{98244CC3-FBBE-4690-9B0D-2E0A299E0D8E}.Release|Any CPU.Build.0 = Release|Any CPU
	EndGlobalSection
	GlobalSection(SolutionProperties) = preSolution
		HideSolutionNode = FALSE
	EndGlobalSection
	GlobalSection(ExtensibilityGlobals) = postSolution
		SolutionGuid = {EC6778A7-4D58-4CF1-AF92-4226E33CE1CF}
	EndGlobalSection
EndGlobal
